// !$*UTF8*$!
{
	archiveVersion = 1;
	classes = {
	};
	objectVersion = 56;
	objects = {

/* Begin PBXBuildFile section */
		7BAEBD2D2A7291F000F26142 /* AppDelegate.swift in Sources */ = {isa = PBXBuildFile; fileRef = 7BAEBD2C2A7291F000F26142 /* AppDelegate.swift */; };
		7BAEBD2F2A7291F000F26142 /* SceneDelegate.swift in Sources */ = {isa = PBXBuildFile; fileRef = 7BAEBD2E2A7291F000F26142 /* SceneDelegate.swift */; };
		7BAEBD312A7291F000F26142 /* ViewController.swift in Sources */ = {isa = PBXBuildFile; fileRef = 7BAEBD302A7291F000F26142 /* ViewController.swift */; };
		7BAEBD342A7291F000F26142 /* Main.storyboard in Resources */ = {isa = PBXBuildFile; fileRef = 7BAEBD322A7291F000F26142 /* Main.storyboard */; };
		7BAEBD362A7291F100F26142 /* Assets.xcassets in Resources */ = {isa = PBXBuildFile; fileRef = 7BAEBD352A7291F100F26142 /* Assets.xcassets */; };
		7BAEBD392A7291F100F26142 /* LaunchScreen.storyboard in Resources */ = {isa = PBXBuildFile; fileRef = 7BAEBD372A7291F100F26142 /* LaunchScreen.storyboard */; };
		7BAEBD422A7292CC00F26142 /* OpenAISwift in Frameworks */ = {isa = PBXBuildFile; productRef = 7BAEBD412A7292CC00F26142 /* OpenAISwift */; };
		7BAEBD4C2A72A52F00F26142 /* Constants.swift in Sources */ = {isa = PBXBuildFile; fileRef = 7BAEBD4B2A72A52F00F26142 /* Constants.swift */; };
		7BAEBD562A72BAA000F26142 /* ChatBotViewModel.swift in Sources */ = {isa = PBXBuildFile; fileRef = 7BAEBD552A72BAA000F26142 /* ChatBotViewModel.swift */; };
		7BAEBD7A2A72C78400F26142 /* APICaller.swift in Sources */ = {isa = PBXBuildFile; fileRef = 7BAEBD792A72C78400F26142 /* APICaller.swift */; };
/* End PBXBuildFile section */

/* Begin PBXFileReference section */
		7BAEBD292A7291F000F26142 /* AIChatBot.app */ = {isa = PBXFileReference; explicitFileType = wrapper.application; includeInIndex = 0; path = AIChatBot.app; sourceTree = BUILT_PRODUCTS_DIR; };
		7BAEBD2C2A7291F000F26142 /* AppDelegate.swift */ = {isa = PBXFileReference; lastKnownFileType = sourcecode.swift; path = AppDelegate.swift; sourceTree = "<group>"; };
		7BAEBD2E2A7291F000F26142 /* SceneDelegate.swift */ = {isa = PBXFileReference; lastKnownFileType = sourcecode.swift; path = SceneDelegate.swift; sourceTree = "<group>"; };
		7BAEBD302A7291F000F26142 /* ViewController.swift */ = {isa = PBXFileReference; lastKnownFileType = sourcecode.swift; path = ViewController.swift; sourceTree = "<group>"; };
		7BAEBD332A7291F000F26142 /* Base */ = {isa = PBXFileReference; lastKnownFileType = file.storyboard; name = Base; path = Base.lproj/Main.storyboard; sourceTree = "<group>"; };
		7BAEBD352A7291F100F26142 /* Assets.xcassets */ = {isa = PBXFileReference; lastKnownFileType = folder.assetcatalog; path = Assets.xcassets; sourceTree = "<group>"; };
		7BAEBD382A7291F100F26142 /* Base */ = {isa = PBXFileReference; lastKnownFileType = file.storyboard; name = Base; path = Base.lproj/LaunchScreen.storyboard; sourceTree = "<group>"; };
		7BAEBD3A2A7291F100F26142 /* Info.plist */ = {isa = PBXFileReference; lastKnownFileType = text.plist.xml; path = Info.plist; sourceTree = "<group>"; };
		7BAEBD4B2A72A52F00F26142 /* Constants.swift */ = {isa = PBXFileReference; lastKnownFileType = sourcecode.swift; path = Constants.swift; sourceTree = "<group>"; };
		7BAEBD552A72BAA000F26142 /* ChatBotViewModel.swift */ = {isa = PBXFileReference; lastKnownFileType = sourcecode.swift; path = ChatBotViewModel.swift; sourceTree = "<group>"; };
		7BAEBD792A72C78400F26142 /* APICaller.swift */ = {isa = PBXFileReference; lastKnownFileType = sourcecode.swift; path = APICaller.swift; sourceTree = "<group>"; };
/* End PBXFileReference section */

/* Begin PBXFrameworksBuildPhase section */
		7BAEBD262A7291F000F26142 /* Frameworks */ = {
			isa = PBXFrameworksBuildPhase;
			buildActionMask = 2147483647;
			files = (
				7BAEBD422A7292CC00F26142 /* OpenAISwift in Frameworks */,
			);
			runOnlyForDeploymentPostprocessing = 0;
		};
/* End PBXFrameworksBuildPhase section */

/* Begin PBXGroup section */
		7BAEBD202A7291F000F26142 = {
			isa = PBXGroup;
			children = (
				7BAEBD2B2A7291F000F26142 /* AIChatBot */,
				7BAEBD2A2A7291F000F26142 /* Products */,
			);
			sourceTree = "<group>";
		};
		7BAEBD2A2A7291F000F26142 /* Products */ = {
			isa = PBXGroup;
			children = (
				7BAEBD292A7291F000F26142 /* AIChatBot.app */,
			);
			name = Products;
			sourceTree = "<group>";
		};
		7BAEBD2B2A7291F000F26142 /* AIChatBot */ = {
			isa = PBXGroup;
			children = (
				7BAEBD782A72C77B00F26142 /* NetworkManager */,
				7BAEBD542A72BA5600F26142 /* ViewModel */,
				7BAEBD442A7292E000F26142 /* View */,
				7BAEBD4A2A72A52500F26142 /* Constants */,
				7BAEBD432A7292D500F26142 /* Delegation */,
				7BAEBD352A7291F100F26142 /* Assets.xcassets */,
				7BAEBD3A2A7291F100F26142 /* Info.plist */,
			);
			path = AIChatBot;
			sourceTree = "<group>";
		};
		7BAEBD432A7292D500F26142 /* Delegation */ = {
			isa = PBXGroup;
			children = (
				7BAEBD2C2A7291F000F26142 /* AppDelegate.swift */,
				7BAEBD2E2A7291F000F26142 /* SceneDelegate.swift */,
			);
			path = Delegation;
			sourceTree = "<group>";
		};
		7BAEBD442A7292E000F26142 /* View */ = {
			isa = PBXGroup;
			children = (
				7BAEBD322A7291F000F26142 /* Main.storyboard */,
				7BAEBD372A7291F100F26142 /* LaunchScreen.storyboard */,
				7BAEBD462A7292F000F26142 /* Cells */,
				7BAEBD452A7292EC00F26142 /* Controller */,
				7BAEBD302A7291F000F26142 /* ViewController.swift */,
			);
			path = View;
			sourceTree = "<group>";
		};
		7BAEBD452A7292EC00F26142 /* Controller */ = {
			isa = PBXGroup;
			children = (
			);
			path = Controller;
			sourceTree = "<group>";
		};
		7BAEBD462A7292F000F26142 /* Cells */ = {
			isa = PBXGroup;
			children = (
			);
			path = Cells;
			sourceTree = "<group>";
		};
		7BAEBD4A2A72A52500F26142 /* Constants */ = {
			isa = PBXGroup;
			children = (
				7BAEBD4B2A72A52F00F26142 /* Constants.swift */,
			);
			path = Constants;
			sourceTree = "<group>";
		};
		7BAEBD542A72BA5600F26142 /* ViewModel */ = {
			isa = PBXGroup;
			children = (
				7BAEBD552A72BAA000F26142 /* ChatBotViewModel.swift */,
			);
			path = ViewModel;
			sourceTree = "<group>";
		};
		7BAEBD782A72C77B00F26142 /* NetworkManager */ = {
			isa = PBXGroup;
			children = (
				7BAEBD792A72C78400F26142 /* APICaller.swift */,
			);
			path = NetworkManager;
			sourceTree = "<group>";
		};
/* End PBXGroup section */

/* Begin PBXNativeTarget section */
		7BAEBD282A7291F000F26142 /* AIChatBot */ = {
			isa = PBXNativeTarget;
			buildConfigurationList = 7BAEBD3D2A7291F100F26142 /* Build configuration list for PBXNativeTarget "AIChatBot" */;
			buildPhases = (
				7BAEBD252A7291F000F26142 /* Sources */,
				7BAEBD262A7291F000F26142 /* Frameworks */,
				7BAEBD272A7291F000F26142 /* Resources */,
			);
			buildRules = (
			);
			dependencies = (
			);
			name = AIChatBot;
			packageProductDependencies = (
				7BAEBD412A7292CC00F26142 /* OpenAISwift */,
			);
			productName = AIChatBot;
			productReference = 7BAEBD292A7291F000F26142 /* AIChatBot.app */;
			productType = "com.apple.product-type.application";
		};
/* End PBXNativeTarget section */

/* Begin PBXProject section */
		7BAEBD212A7291F000F26142 /* Project object */ = {
			isa = PBXProject;
			attributes = {
				BuildIndependentTargetsInParallel = 1;
				LastSwiftUpdateCheck = 1400;
				LastUpgradeCheck = 1400;
				TargetAttributes = {
					7BAEBD282A7291F000F26142 = {
						CreatedOnToolsVersion = 14.0;
					};
				};
			};
			buildConfigurationList = 7BAEBD242A7291F000F26142 /* Build configuration list for PBXProject "AIChatBot" */;
			compatibilityVersion = "Xcode 14.0";
			developmentRegion = en;
			hasScannedForEncodings = 0;
			knownRegions = (
				en,
				Base,
			);
			mainGroup = 7BAEBD202A7291F000F26142;
			packageReferences = (
				7BAEBD402A7292CC00F26142 /* XCRemoteSwiftPackageReference "OpenAISwift" */,
			);
			productRefGroup = 7BAEBD2A2A7291F000F26142 /* Products */;
			projectDirPath = "";
			projectRoot = "";
			targets = (
				7BAEBD282A7291F000F26142 /* AIChatBot */,
			);
		};
/* End PBXProject section */

/* Begin PBXResourcesBuildPhase section */
		7BAEBD272A7291F000F26142 /* Resources */ = {
			isa = PBXResourcesBuildPhase;
			buildActionMask = 2147483647;
			files = (
				7BAEBD392A7291F100F26142 /* LaunchScreen.storyboard in Resources */,
				7BAEBD362A7291F100F26142 /* Assets.xcassets in Resources */,
				7BAEBD342A7291F000F26142 /* Main.storyboard in Resources */,
			);
			runOnlyForDeploymentPostprocessing = 0;
		};
/* End PBXResourcesBuildPhase section */

/* Begin PBXSourcesBuildPhase section */
		7BAEBD252A7291F000F26142 /* Sources */ = {
			isa = PBXSourcesBuildPhase;
			buildActionMask = 2147483647;
			files = (
				7BAEBD4C2A72A52F00F26142 /* Constants.swift in Sources */,
				7BAEBD7A2A72C78400F26142 /* APICaller.swift in Sources */,
				7BAEBD312A7291F000F26142 /* ViewController.swift in Sources */,
				7BAEBD562A72BAA000F26142 /* ChatBotViewModel.swift in Sources */,
				7BAEBD2D2A7291F000F26142 /* AppDelegate.swift in Sources */,
				7BAEBD2F2A7291F000F26142 /* SceneDelegate.swift in Sources */,
			);
			runOnlyForDeploymentPostprocessing = 0;
		};
/* End PBXSourcesBuildPhase section */

/* Begin PBXVariantGroup section */
		7BAEBD322A7291F000F26142 /* Main.storyboard */ = {
			isa = PBXVariantGroup;
			children = (
				7BAEBD332A7291F000F26142 /* Base */,
			);
			name = Main.storyboard;
			sourceTree = "<group>";
		};
		7BAEBD372A7291F100F26142 /* LaunchScreen.storyboard */ = {
			isa = PBXVariantGroup;
			children = (
				7BAEBD382A7291F100F26142 /* Base */,
			);
			name = LaunchScreen.storyboard;
			sourceTree = "<group>";
		};
/* End PBXVariantGroup section */

/* Begin XCBuildConfiguration section */
		7BAEBD3B2A7291F100F26142 /* Debug */ = {
			isa = XCBuildConfiguration;
			buildSettings = {
				ALWAYS_SEARCH_USER_PATHS = NO;
				CLANG_ANALYZER_NONNULL = YES;
				CLANG_ANALYZER_NUMBER_OBJECT_CONVERSION = YES_AGGRESSIVE;
				CLANG_CXX_LANGUAGE_STANDARD = "gnu++20";
				CLANG_ENABLE_MODULES = YES;
				CLANG_ENABLE_OBJC_ARC = YES;
				CLANG_ENABLE_OBJC_WEAK = YES;
				CLANG_WARN_BLOCK_CAPTURE_AUTORELEASING = YES;
				CLANG_WARN_BOOL_CONVERSION = YES;
				CLANG_WARN_COMMA = YES;
				CLANG_WARN_CONSTANT_CONVERSION = YES;
				CLANG_WARN_DEPRECATED_OBJC_IMPLEMENTATIONS = YES;
				CLANG_WARN_DIRECT_OBJC_ISA_USAGE = YES_ERROR;
				CLANG_WARN_DOCUMENTATION_COMMENTS = YES;
				CLANG_WARN_EMPTY_BODY = YES;
				CLANG_WARN_ENUM_CONVERSION = YES;
				CLANG_WARN_INFINITE_RECURSION = YES;
				CLANG_WARN_INT_CONVERSION = YES;
				CLANG_WARN_NON_LITERAL_NULL_CONVERSION = YES;
				CLANG_WARN_OBJC_IMPLICIT_RETAIN_SELF = YES;
				CLANG_WARN_OBJC_LITERAL_CONVERSION = YES;
				CLANG_WARN_OBJC_ROOT_CLASS = YES_ERROR;
				CLANG_WARN_QUOTED_INCLUDE_IN_FRAMEWORK_HEADER = YES;
				CLANG_WARN_RANGE_LOOP_ANALYSIS = YES;
				CLANG_WARN_STRICT_PROTOTYPES = YES;
				CLANG_WARN_SUSPICIOUS_MOVE = YES;
				CLANG_WARN_UNGUARDED_AVAILABILITY = YES_AGGRESSIVE;
				CLANG_WARN_UNREACHABLE_CODE = YES;
				CLANG_WARN__DUPLICATE_METHOD_MATCH = YES;
				COPY_PHASE_STRIP = NO;
				DEBUG_INFORMATION_FORMAT = dwarf;
				ENABLE_STRICT_OBJC_MSGSEND = YES;
				ENABLE_TESTABILITY = YES;
				GCC_C_LANGUAGE_STANDARD = gnu11;
				GCC_DYNAMIC_NO_PIC = NO;
				GCC_NO_COMMON_BLOCKS = YES;
				GCC_OPTIMIZATION_LEVEL = 0;
				GCC_PREPROCESSOR_DEFINITIONS = (
					"DEBUG=1",
					"$(inherited)",
				);
				GCC_WARN_64_TO_32_BIT_CONVERSION = YES;
				GCC_WARN_ABOUT_RETURN_TYPE = YES_ERROR;
				GCC_WARN_UNDECLARED_SELECTOR = YES;
				GCC_WARN_UNINITIALIZED_AUTOS = YES_AGGRESSIVE;
				GCC_WARN_UNUSED_FUNCTION = YES;
				GCC_WARN_UNUSED_VARIABLE = YES;
				IPHONEOS_DEPLOYMENT_TARGET = 16.0;
				MTL_ENABLE_DEBUG_INFO = INCLUDE_SOURCE;
				MTL_FAST_MATH = YES;
				ONLY_ACTIVE_ARCH = YES;
				SDKROOT = iphoneos;
				SWIFT_ACTIVE_COMPILATION_CONDITIONS = DEBUG;
				SWIFT_OPTIMIZATION_LEVEL = "-Onone";
			};
			name = Debug;
		};
		7BAEBD3C2A7291F100F26142 /* Release */ = {
			isa = XCBuildConfiguration;
			buildSettings = {
				ALWAYS_SEARCH_USER_PATHS = NO;
				CLANG_ANALYZER_NONNULL = YES;
				CLANG_ANALYZER_NUMBER_OBJECT_CONVERSION = YES_AGGRESSIVE;
				CLANG_CXX_LANGUAGE_STANDARD = "gnu++20";
				CLANG_ENABLE_MODULES = YES;
				CLANG_ENABLE_OBJC_ARC = YES;
				CLANG_ENABLE_OBJC_WEAK = YES;
				CLANG_WARN_BLOCK_CAPTURE_AUTORELEASING = YES;
				CLANG_WARN_BOOL_CONVERSION = YES;
				CLANG_WARN_COMMA = YES;
				CLANG_WARN_CONSTANT_CONVERSION = YES;
				CLANG_WARN_DEPRECATED_OBJC_IMPLEMENTATIONS = YES;
				CLANG_WARN_DIRECT_OBJC_ISA_USAGE = YES_ERROR;
				CLANG_WARN_DOCUMENTATION_COMMENTS = YES;
				CLANG_WARN_EMPTY_BODY = YES;
				CLANG_WARN_ENUM_CONVERSION = YES;
				CLANG_WARN_INFINITE_RECURSION = YES;
				CLANG_WARN_INT_CONVERSION = YES;
				CLANG_WARN_NON_LITERAL_NULL_CONVERSION = YES;
				CLANG_WARN_OBJC_IMPLICIT_RETAIN_SELF = YES;
				CLANG_WARN_OBJC_LITERAL_CONVERSION = YES;
				CLANG_WARN_OBJC_ROOT_CLASS = YES_ERROR;
				CLANG_WARN_QUOTED_INCLUDE_IN_FRAMEWORK_HEADER = YES;
				CLANG_WARN_RANGE_LOOP_ANALYSIS = YES;
				CLANG_WARN_STRICT_PROTOTYPES = YES;
				CLANG_WARN_SUSPICIOUS_MOVE = YES;
				CLANG_WARN_UNGUARDED_AVAILABILITY = YES_AGGRESSIVE;
				CLANG_WARN_UNREACHABLE_CODE = YES;
				CLANG_WARN__DUPLICATE_METHOD_MATCH = YES;
				COPY_PHASE_STRIP = NO;
				DEBUG_INFORMATION_FORMAT = "dwarf-with-dsym";
				ENABLE_NS_ASSERTIONS = NO;
				ENABLE_STRICT_OBJC_MSGSEND = YES;
				GCC_C_LANGUAGE_STANDARD = gnu11;
				GCC_NO_COMMON_BLOCKS = YES;
				GCC_WARN_64_TO_32_BIT_CONVERSION = YES;
				GCC_WARN_ABOUT_RETURN_TYPE = YES_ERROR;
				GCC_WARN_UNDECLARED_SELECTOR = YES;
				GCC_WARN_UNINITIALIZED_AUTOS = YES_AGGRESSIVE;
				GCC_WARN_UNUSED_FUNCTION = YES;
				GCC_WARN_UNUSED_VARIABLE = YES;
				IPHONEOS_DEPLOYMENT_TARGET = 16.0;
				MTL_ENABLE_DEBUG_INFO = NO;
				MTL_FAST_MATH = YES;
				SDKROOT = iphoneos;
				SWIFT_COMPILATION_MODE = wholemodule;
				SWIFT_OPTIMIZATION_LEVEL = "-O";
				VALIDATE_PRODUCT = YES;
			};
			name = Release;
		};
		7BAEBD3E2A7291F100F26142 /* Debug */ = {
			isa = XCBuildConfiguration;
			buildSettings = {
				ASSETCATALOG_COMPILER_APPICON_NAME = AppIcon;
				ASSETCATALOG_COMPILER_GLOBAL_ACCENT_COLOR_NAME = AccentColor;
				CODE_SIGN_STYLE = Automatic;
				CURRENT_PROJECT_VERSION = 1;
				DEVELOPMENT_TEAM = KTK732WRHB;
				GENERATE_INFOPLIST_FILE = YES;
				INFOPLIST_FILE = AIChatBot/Info.plist;
				INFOPLIST_KEY_UIApplicationSupportsIndirectInputEvents = YES;
				INFOPLIST_KEY_UILaunchStoryboardName = LaunchScreen;
				INFOPLIST_KEY_UIMainStoryboardFile = Main;
				INFOPLIST_KEY_UISupportedInterfaceOrientations_iPad = "UIInterfaceOrientationPortrait UIInterfaceOrientationPortraitUpsideDown UIInterfaceOrientationLandscapeLeft UIInterfaceOrientationLandscapeRight";
				INFOPLIST_KEY_UISupportedInterfaceOrientations_iPhone = "UIInterfaceOrientationPortrait UIInterfaceOrientationLandscapeLeft UIInterfaceOrientationLandscapeRight";
				LD_RUNPATH_SEARCH_PATHS = (
					"$(inherited)",
					"@executable_path/Frameworks",
				);
				MARKETING_VERSION = 1.0;
				PRODUCT_BUNDLE_IDENTIFIER = com.allymationes.AIChatBot;
				PRODUCT_NAME = "$(TARGET_NAME)";
				SWIFT_EMIT_LOC_STRINGS = YES;
				SWIFT_VERSION = 5.0;
				TARGETED_DEVICE_FAMILY = "1,2";
			};
			name = Debug;
		};
		7BAEBD3F2A7291F100F26142 /* Release */ = {
			isa = XCBuildConfiguration;
			buildSettings = {
				ASSETCATALOG_COMPILER_APPICON_NAME = AppIcon;
				ASSETCATALOG_COMPILER_GLOBAL_ACCENT_COLOR_NAME = AccentColor;
				CODE_SIGN_STYLE = Automatic;
				CURRENT_PROJECT_VERSION = 1;
				DEVELOPMENT_TEAM = KTK732WRHB;
				GENERATE_INFOPLIST_FILE = YES;
				INFOPLIST_FILE = AIChatBot/Info.plist;
				INFOPLIST_KEY_UIApplicationSupportsIndirectInputEvents = YES;
				INFOPLIST_KEY_UILaunchStoryboardName = LaunchScreen;
				INFOPLIST_KEY_UIMainStoryboardFile = Main;
				INFOPLIST_KEY_UISupportedInterfaceOrientations_iPad = "UIInterfaceOrientationPortrait UIInterfaceOrientationPortraitUpsideDown UIInterfaceOrientationLandscapeLeft UIInterfaceOrientationLandscapeRight";
				INFOPLIST_KEY_UISupportedInterfaceOrientations_iPhone = "UIInterfaceOrientationPortrait UIInterfaceOrientationLandscapeLeft UIInterfaceOrientationLandscapeRight";
				LD_RUNPATH_SEARCH_PATHS = (
					"$(inherited)",
					"@executable_path/Frameworks",
				);
				MARKETING_VERSION = 1.0;
				PRODUCT_BUNDLE_IDENTIFIER = com.allymationes.AIChatBot;
				PRODUCT_NAME = "$(TARGET_NAME)";
				SWIFT_EMIT_LOC_STRINGS = YES;
				SWIFT_VERSION = 5.0;
				TARGETED_DEVICE_FAMILY = "1,2";
			};
			name = Release;
		};
/* End XCBuildConfiguration section */

/* Begin XCConfigurationList section */
		7BAEBD242A7291F000F26142 /* Build configuration list for PBXProject "AIChatBot" */ = {
			isa = XCConfigurationList;
			buildConfigurations = (
				7BAEBD3B2A7291F100F26142 /* Debug */,
				7BAEBD3C2A7291F100F26142 /* Release */,
			);
			defaultConfigurationIsVisible = 0;
			defaultConfigurationName = Release;
		};
		7BAEBD3D2A7291F100F26142 /* Build configuration list for PBXNativeTarget "AIChatBot" */ = {
			isa = XCConfigurationList;
			buildConfigurations = (
				7BAEBD3E2A7291F100F26142 /* Debug */,
				7BAEBD3F2A7291F100F26142 /* Release */,
			);
			defaultConfigurationIsVisible = 0;
			defaultConfigurationName = Release;
		};
/* End XCConfigurationList section */

/* Begin XCRemoteSwiftPackageReference section */
		7BAEBD402A7292CC00F26142 /* XCRemoteSwiftPackageReference "OpenAISwift" */ = {
			isa = XCRemoteSwiftPackageReference;
			repositoryURL = "https://github.com/adamrushy/OpenAISwift.git";
			requirement = {
				kind = upToNextMajorVersion;
				minimumVersion = 1.0.0;
			};
		};
/* End XCRemoteSwiftPackageReference section */

/* Begin XCSwiftPackageProductDependency section */
		7BAEBD412A7292CC00F26142 /* OpenAISwift */ = {
			isa = XCSwiftPackageProductDependency;
			package = 7BAEBD402A7292CC00F26142 /* XCRemoteSwiftPackageReference "OpenAISwift" */;
			productName = OpenAISwift;
		};
/* End XCSwiftPackageProductDependency section */
	};
	rootObject = 7BAEBD212A7291F000F26142 /* Project object */;
}
